
Microsoft Visual Studio Solution File, Format Version 12.00
# Visual Studio 2013
VisualStudioVersion = 12.0.30501.0
MinimumVisualStudioVersion = 10.0.40219.1
Project("{FAE04EC0-301F-11D3-BF4B-00C04F79EFBC}") = "01.TreeView", "TreeView\01.TreeView.csproj", "{806F5234-3891-465E-A0EE-EA593D47B25F}"
EndProject
Project("{FAE04EC0-301F-11D3-BF4B-00C04F79EFBC}") = "02.MusicCategories", "MusicCategories\02.MusicCategories.csproj", "{2631DDB4-1DF7-4BEE-BDC5-718CE9EE4357}"
EndProject
Project("{FAE04EC0-301F-11D3-BF4B-00C04F79EFBC}") = "03.TotalManagement", "TotalManagement\03.TotalManagement.csproj", "{FBA0FA56-6588-4550-8C05-26CFF2155A6F}"
EndProject
Project("{FAE04EC0-301F-11D3-BF4B-00C04F79EFBC}") = "04.CSSTutorialWebPage", "CSSTutorialWebPage\04.CSSTutorialWebPage.csproj", "{90C985FE-5C1D-44FB-9B3E-8A8224AAE652}"
EndProject
Project("{FAE04EC0-301F-11D3-BF4B-00C04F79EFBC}") = "05.NotebookWebPage", "NotebookWebPage\05.NotebookWebPage.csproj", "{822DC696-3F44-4D8B-9180-0DEC5F30C9AA}"
EndProject
Project("{FAE04EC0-301F-11D3-BF4B-00C04F79EFBC}") = "06.WebPageBTV", "WebPageBTV\06.WebPageBTV.csproj", "{C0CB9547-50C7-4F18-9FCC-74F9F0F54702}"
EndProject
Global
	GlobalSection(SolutionConfigurationPlatforms) = preSolution
		Debug|Any CPU = Debug|Any CPU
		Release|Any CPU = Release|Any CPU
	EndGlobalSection
	GlobalSection(ProjectConfigurationPlatforms) = postSolution
		{806F5234-3891-465E-A0EE-EA593D47B25F}.Debug|Any CPU.ActiveCfg = Debug|Any CPU
		{806F5234-3891-465E-A0EE-EA593D47B25F}.Debug|Any CPU.Build.0 = Debug|Any CPU
		{806F5234-3891-465E-A0EE-EA593D47B25F}.Release|Any CPU.ActiveCfg = Release|Any CPU
		{806F5234-3891-465E-A0EE-EA593D47B25F}.Release|Any CPU.Build.0 = Release|Any CPU
		{2631DDB4-1DF7-4BEE-BDC5-718CE9EE4357}.Debug|Any CPU.ActiveCfg = Debug|Any CPU
		{2631DDB4-1DF7-4BEE-BDC5-718CE9EE4357}.Debug|Any CPU.Build.0 = Debug|Any CPU
		{2631DDB4-1DF7-4BEE-BDC5-718CE9EE4357}.Release|Any CPU.ActiveCfg = Release|Any CPU
		{2631DDB4-1DF7-4BEE-BDC5-718CE9EE4357}.Release|Any CPU.Build.0 = Release|Any CPU
		{FBA0FA56-6588-4550-8C05-26CFF2155A6F}.Debug|Any CPU.ActiveCfg = Debug|Any CPU
		{FBA0FA56-6588-4550-8C05-26CFF2155A6F}.Debug|Any CPU.Build.0 = Debug|Any CPU
		{FBA0FA56-6588-4550-8C05-26CFF2155A6F}.Release|Any CPU.ActiveCfg = Release|Any CPU
		{FBA0FA56-6588-4550-8C05-26CFF2155A6F}.Release|Any CPU.Build.0 = Release|Any CPU
		{90C985FE-5C1D-44FB-9B3E-8A8224AAE652}.Debug|Any CPU.ActiveCfg = Debug|Any CPU
		{90C985FE-5C1D-44FB-9B3E-8A8224AAE652}.Debug|Any CPU.Build.0 = Debug|Any CPU
		{90C985FE-5C1D-44FB-9B3E-8A8224AAE652}.Release|Any CPU.ActiveCfg = Release|Any CPU
		{90C985FE-5C1D-44FB-9B3E-8A8224AAE652}.Release|Any CPU.Build.0 = Release|Any CPU
		{822DC696-3F44-4D8B-9180-0DEC5F30C9AA}.Debug|Any CPU.ActiveCfg = Debug|Any CPU
		{822DC696-3F44-4D8B-9180-0DEC5F30C9AA}.Debug|Any CPU.Build.0 = Debug|Any CPU
		{822DC696-3F44-4D8B-9180-0DEC5F30C9AA}.Release|Any CPU.ActiveCfg = Release|Any CPU
		{822DC696-3F44-4D8B-9180-0DEC5F30C9AA}.Release|Any CPU.Build.0 = Release|Any CPU
		{C0CB9547-50C7-4F18-9FCC-74F9F0F54702}.Debug|Any CPU.ActiveCfg = Debug|Any CPU
		{C0CB9547-50C7-4F18-9FCC-74F9F0F54702}.Debug|Any CPU.Build.0 = Debug|Any CPU
		{C0CB9547-50C7-4F18-9FCC-74F9F0F54702}.Release|Any CPU.ActiveCfg = Release|Any CPU
		{C0CB9547-50C7-4F18-9FCC-74F9F0F54702}.Release|Any CPU.Build.0 = Release|Any CPU
	EndGlobalSection
	GlobalSection(SolutionProperties) = preSolution
		HideSolutionNode = FALSE
	EndGlobalSection
EndGlobal
