
Microsoft Visual Studio Solution File, Format Version 12.00
# Visual Studio 2013
VisualStudioVersion = 12.0.30501.0
MinimumVisualStudioVersion = 10.0.40219.1
Project("{2150E333-8FDC-42A3-9474-1A3956D46DE8}") = "CodeFormattingJS", "CodeFormattingJS", "{479184E3-5F50-48A6-8950-A7445D37416E}"
EndProject
Project("{FAE04EC0-301F-11D3-BF4B-00C04F79EFBC}") = "CodeFormattingJS", "CodeFormattingJS\CodeFormattingJS.csproj", "{148F1DD0-90A2-4061-B93E-54EB500D2BD5}"
EndProject
Project("{2150E333-8FDC-42A3-9474-1A3956D46DE8}") = "CodeFormattingCSharp", "CodeFormattingCSharp", "{041F348C-F9E2-40F4-B7C3-2C34F9D0EBEF}"
EndProject
Project("{FAE04EC0-301F-11D3-BF4B-00C04F79EFBC}") = "Events", "Events\Events.csproj", "{0F55640B-E4BF-4A53-A911-84A30F213DC0}"
EndProject
Global
	GlobalSection(SolutionConfigurationPlatforms) = preSolution
		Debug|Any CPU = Debug|Any CPU
		Release|Any CPU = Release|Any CPU
	EndGlobalSection
	GlobalSection(ProjectConfigurationPlatforms) = postSolution
		{148F1DD0-90A2-4061-B93E-54EB500D2BD5}.Debug|Any CPU.ActiveCfg = Debug|Any CPU
		{148F1DD0-90A2-4061-B93E-54EB500D2BD5}.Debug|Any CPU.Build.0 = Debug|Any CPU
		{148F1DD0-90A2-4061-B93E-54EB500D2BD5}.Release|Any CPU.ActiveCfg = Release|Any CPU
		{148F1DD0-90A2-4061-B93E-54EB500D2BD5}.Release|Any CPU.Build.0 = Release|Any CPU
		{0F55640B-E4BF-4A53-A911-84A30F213DC0}.Debug|Any CPU.ActiveCfg = Debug|Any CPU
		{0F55640B-E4BF-4A53-A911-84A30F213DC0}.Debug|Any CPU.Build.0 = Debug|Any CPU
		{0F55640B-E4BF-4A53-A911-84A30F213DC0}.Release|Any CPU.ActiveCfg = Release|Any CPU
		{0F55640B-E4BF-4A53-A911-84A30F213DC0}.Release|Any CPU.Build.0 = Release|Any CPU
	EndGlobalSection
	GlobalSection(SolutionProperties) = preSolution
		HideSolutionNode = FALSE
	EndGlobalSection
	GlobalSection(NestedProjects) = preSolution
		{148F1DD0-90A2-4061-B93E-54EB500D2BD5} = {479184E3-5F50-48A6-8950-A7445D37416E}
		{0F55640B-E4BF-4A53-A911-84A30F213DC0} = {041F348C-F9E2-40F4-B7C3-2C34F9D0EBEF}
	EndGlobalSection
EndGlobal
