
Microsoft Visual Studio Solution File, Format Version 12.00
# Visual Studio 2013
VisualStudioVersion = 12.0.30501.0
MinimumVisualStudioVersion = 10.0.40219.1
Project("{FAE04EC0-301F-11D3-BF4B-00C04F79EFBC}") = "01.AnimalHierarchy", "AnimalHierarchy\01.AnimalHierarchy.csproj", "{38A4F5F9-8B02-4E3F-ABB0-1CA8AF6804B5}"
EndProject
Project("{FAE04EC0-301F-11D3-BF4B-00C04F79EFBC}") = "02.Humans", "Humans\02.Humans.csproj", "{0E36E2EB-FBBA-47B1-AF53-B48020EFC51D}"
EndProject
Project("{FAE04EC0-301F-11D3-BF4B-00C04F79EFBC}") = "03.CheckBrowser", "CheckBrowser\03.CheckBrowser.csproj", "{88B4ACB7-7117-418F-AD81-A92B9BE4A92B}"
EndProject
Project("{FAE04EC0-301F-11D3-BF4B-00C04F79EFBC}") = "04.Мinesweeper", "Мinesweeper\04.Мinesweeper.csproj", "{5B5E4A3A-C2B7-4C9B-BBCC-C51FEE65BEC7}"
EndProject
Global
	GlobalSection(SolutionConfigurationPlatforms) = preSolution
		Debug|Any CPU = Debug|Any CPU
		Release|Any CPU = Release|Any CPU
	EndGlobalSection
	GlobalSection(ProjectConfigurationPlatforms) = postSolution
		{38A4F5F9-8B02-4E3F-ABB0-1CA8AF6804B5}.Debug|Any CPU.ActiveCfg = Debug|Any CPU
		{38A4F5F9-8B02-4E3F-ABB0-1CA8AF6804B5}.Debug|Any CPU.Build.0 = Debug|Any CPU
		{38A4F5F9-8B02-4E3F-ABB0-1CA8AF6804B5}.Release|Any CPU.ActiveCfg = Release|Any CPU
		{38A4F5F9-8B02-4E3F-ABB0-1CA8AF6804B5}.Release|Any CPU.Build.0 = Release|Any CPU
		{0E36E2EB-FBBA-47B1-AF53-B48020EFC51D}.Debug|Any CPU.ActiveCfg = Debug|Any CPU
		{0E36E2EB-FBBA-47B1-AF53-B48020EFC51D}.Debug|Any CPU.Build.0 = Debug|Any CPU
		{0E36E2EB-FBBA-47B1-AF53-B48020EFC51D}.Release|Any CPU.ActiveCfg = Release|Any CPU
		{0E36E2EB-FBBA-47B1-AF53-B48020EFC51D}.Release|Any CPU.Build.0 = Release|Any CPU
		{88B4ACB7-7117-418F-AD81-A92B9BE4A92B}.Debug|Any CPU.ActiveCfg = Debug|Any CPU
		{88B4ACB7-7117-418F-AD81-A92B9BE4A92B}.Debug|Any CPU.Build.0 = Debug|Any CPU
		{88B4ACB7-7117-418F-AD81-A92B9BE4A92B}.Release|Any CPU.ActiveCfg = Release|Any CPU
		{88B4ACB7-7117-418F-AD81-A92B9BE4A92B}.Release|Any CPU.Build.0 = Release|Any CPU
		{5B5E4A3A-C2B7-4C9B-BBCC-C51FEE65BEC7}.Debug|Any CPU.ActiveCfg = Debug|Any CPU
		{5B5E4A3A-C2B7-4C9B-BBCC-C51FEE65BEC7}.Debug|Any CPU.Build.0 = Debug|Any CPU
		{5B5E4A3A-C2B7-4C9B-BBCC-C51FEE65BEC7}.Release|Any CPU.ActiveCfg = Release|Any CPU
		{5B5E4A3A-C2B7-4C9B-BBCC-C51FEE65BEC7}.Release|Any CPU.Build.0 = Release|Any CPU
	EndGlobalSection
	GlobalSection(SolutionProperties) = preSolution
		HideSolutionNode = FALSE
	EndGlobalSection
EndGlobal
