
Microsoft Visual Studio Solution File, Format Version 12.00
# Visual Studio 2013
VisualStudioVersion = 12.0.30501.0
MinimumVisualStudioVersion = 10.0.40219.1
Project("{FAE04EC0-301F-11D3-BF4B-00C04F79EFBC}") = "RotatingWalkInMatrix", "RotatingWalkInMatrix\RotatingWalkInMatrix.csproj", "{C780DB4A-45A7-40D7-946A-FBE5555BBC25}"
EndProject
Project("{FAE04EC0-301F-11D3-BF4B-00C04F79EFBC}") = "RotatingWalkInMatrix.Tests", "RotatingWalkInMatrix.Tests\RotatingWalkInMatrix.Tests.csproj", "{FEEE48A7-DF8B-49EA-A468-155475279D22}"
EndProject
Global
	GlobalSection(SolutionConfigurationPlatforms) = preSolution
		Debug|Any CPU = Debug|Any CPU
		Release|Any CPU = Release|Any CPU
	EndGlobalSection
	GlobalSection(ProjectConfigurationPlatforms) = postSolution
		{C780DB4A-45A7-40D7-946A-FBE5555BBC25}.Debug|Any CPU.ActiveCfg = Debug|Any CPU
		{C780DB4A-45A7-40D7-946A-FBE5555BBC25}.Debug|Any CPU.Build.0 = Debug|Any CPU
		{C780DB4A-45A7-40D7-946A-FBE5555BBC25}.Release|Any CPU.ActiveCfg = Release|Any CPU
		{C780DB4A-45A7-40D7-946A-FBE5555BBC25}.Release|Any CPU.Build.0 = Release|Any CPU
		{FEEE48A7-DF8B-49EA-A468-155475279D22}.Debug|Any CPU.ActiveCfg = Debug|Any CPU
		{FEEE48A7-DF8B-49EA-A468-155475279D22}.Debug|Any CPU.Build.0 = Debug|Any CPU
		{FEEE48A7-DF8B-49EA-A468-155475279D22}.Release|Any CPU.ActiveCfg = Release|Any CPU
		{FEEE48A7-DF8B-49EA-A468-155475279D22}.Release|Any CPU.Build.0 = Release|Any CPU
	EndGlobalSection
	GlobalSection(SolutionProperties) = preSolution
		HideSolutionNode = FALSE
	EndGlobalSection
EndGlobal
