
Microsoft Visual Studio Solution File, Format Version 12.00
# Visual Studio 2013
VisualStudioVersion = 12.0.30501.0
MinimumVisualStudioVersion = 10.0.40219.1
Project("{FAE04EC0-301F-11D3-BF4B-00C04F79EFBC}") = "01.WebPageTextDesign", "WebPageTextDesign\01.WebPageTextDesign.csproj", "{9ECCF0D9-8E78-44BA-B9F2-BED910C8C4DB}"
EndProject
Project("{FAE04EC0-301F-11D3-BF4B-00C04F79EFBC}") = "02.ExpandCSS", "ExpandCSS\02.ExpandCSS.csproj", "{8E42C16D-F700-4F85-9156-308D9CF655C4}"
EndProject
Project("{FAE04EC0-301F-11D3-BF4B-00C04F79EFBC}") = "03.NestedDivs", "NestedDivs\03.NestedDivs.csproj", "{816C8FE2-D708-45DF-AE4A-48E5DC31BE7A}"
EndProject
Project("{FAE04EC0-301F-11D3-BF4B-00C04F79EFBC}") = "04.Calculator", "Calculator\04.Calculator.csproj", "{F10CE60A-8411-4AE9-8539-3DB15C82956D}"
EndProject
Global
	GlobalSection(SolutionConfigurationPlatforms) = preSolution
		Debug|Any CPU = Debug|Any CPU
		Release|Any CPU = Release|Any CPU
	EndGlobalSection
	GlobalSection(ProjectConfigurationPlatforms) = postSolution
		{9ECCF0D9-8E78-44BA-B9F2-BED910C8C4DB}.Debug|Any CPU.ActiveCfg = Debug|Any CPU
		{9ECCF0D9-8E78-44BA-B9F2-BED910C8C4DB}.Debug|Any CPU.Build.0 = Debug|Any CPU
		{9ECCF0D9-8E78-44BA-B9F2-BED910C8C4DB}.Release|Any CPU.ActiveCfg = Release|Any CPU
		{9ECCF0D9-8E78-44BA-B9F2-BED910C8C4DB}.Release|Any CPU.Build.0 = Release|Any CPU
		{8E42C16D-F700-4F85-9156-308D9CF655C4}.Debug|Any CPU.ActiveCfg = Debug|Any CPU
		{8E42C16D-F700-4F85-9156-308D9CF655C4}.Debug|Any CPU.Build.0 = Debug|Any CPU
		{8E42C16D-F700-4F85-9156-308D9CF655C4}.Release|Any CPU.ActiveCfg = Release|Any CPU
		{8E42C16D-F700-4F85-9156-308D9CF655C4}.Release|Any CPU.Build.0 = Release|Any CPU
		{816C8FE2-D708-45DF-AE4A-48E5DC31BE7A}.Debug|Any CPU.ActiveCfg = Debug|Any CPU
		{816C8FE2-D708-45DF-AE4A-48E5DC31BE7A}.Debug|Any CPU.Build.0 = Debug|Any CPU
		{816C8FE2-D708-45DF-AE4A-48E5DC31BE7A}.Release|Any CPU.ActiveCfg = Release|Any CPU
		{816C8FE2-D708-45DF-AE4A-48E5DC31BE7A}.Release|Any CPU.Build.0 = Release|Any CPU
		{F10CE60A-8411-4AE9-8539-3DB15C82956D}.Debug|Any CPU.ActiveCfg = Debug|Any CPU
		{F10CE60A-8411-4AE9-8539-3DB15C82956D}.Debug|Any CPU.Build.0 = Debug|Any CPU
		{F10CE60A-8411-4AE9-8539-3DB15C82956D}.Release|Any CPU.ActiveCfg = Release|Any CPU
		{F10CE60A-8411-4AE9-8539-3DB15C82956D}.Release|Any CPU.Build.0 = Release|Any CPU
	EndGlobalSection
	GlobalSection(SolutionProperties) = preSolution
		HideSolutionNode = FALSE
	EndGlobalSection
EndGlobal
